{
  "name": "social-media-app",
  "lockfileVersion": 3,
  "requires": true,
  "packages": {
    "": {
      "name": "social-media-app",
      "workspaces": [
        "apps/*",
        "agents/*",
        "packages/*"
      ]
    },
    "apps/app.dashboard_v2": {
      "name": "app.dashboard-v2",
      "dependencies": {
        "node-common": "*"
      }
    },
    "apps/cron-supervisor": {
      "dependencies": {
        "chokidar": "^4.0.3",
        "cron": "^3.5.0",
        "jsonc-parser": "^3.3.1"
      }
    },
    "apps/cron-supervisor/node_modules/@types/luxon": {
      "version": "3.4.2",
      "license": "MIT"
    },
    "apps/cron-supervisor/node_modules/chokidar": {
      "version": "4.0.3",
      "license": "MIT",
      "dependencies": {
        "readdirp": "^4.0.1"
      },
      "engines": {
        "node": ">= 14.16.0"
      },
      "funding": {
        "url": "https://paulmillr.com/funding/"
      }
    },
    "apps/cron-supervisor/node_modules/cron": {
      "version": "3.5.0",
      "license": "MIT",
      "dependencies": {
        "@types/luxon": "~3.4.0",
        "luxon": "~3.5.0"
      }
    },
    "apps/cron-supervisor/node_modules/jsonc-parser": {
      "version": "3.3.1",
      "license": "MIT"
    },
    "apps/cron-supervisor/node_modules/luxon": {
      "version": "3.5.0",
      "license": "MIT",
      "engines": {
        "node": ">=12"
      }
    },
    "apps/cron-supervisor/node_modules/readdirp": {
      "version": "4.1.2",
      "license": "MIT",
      "engines": {
        "node": ">= 14.18.0"
      },
      "funding": {
        "type": "individual",
        "url": "https://paulmillr.com/funding/"
      }
    },
    "node_modules/app.dashboard-v2": {
      "resolved": "apps/app.dashboard_v2",
      "link": true
    },
    "node_modules/cron-supervisor": {
      "resolved": "apps/cron-supervisor",
      "link": true
    },
    "node_modules/node-common": {
      "resolved": "packages/node.common",
      "link": true
    },
    "packages/node.common": {
      "name": "node-common",
      "dependencies": {
        "jsonc-parser": "^3.3.1"
      }
    },
    "packages/node.common/node_modules/jsonc-parser": {
      "version": "3.3.1",
      "license": "MIT"
    }
  }
}
